// !$*UTF8*$!
{
	archiveVersion = 1;
	classes = {
	};
	objectVersion = 48;
	objects = {

/* Begin PBXBuildFile section */
		04555C611F7F533100CD719E /* Shop.swift in Sources */ = {isa = PBXBuildFile; fileRef = 04555C601F7F533000CD719E /* Shop.swift */; };
		04555C631F7F6A6400CD719E /* ShopViewModel.swift in Sources */ = {isa = PBXBuildFile; fileRef = 04555C621F7F6A6400CD719E /* ShopViewModel.swift */; };
		04682E5A1F7A494500D62670 /* ContainerViewController.swift in Sources */ = {isa = PBXBuildFile; fileRef = 04682E591F7A494500D62670 /* ContainerViewController.swift */; };
		04682E5C1F7A52A000D62670 /* EmptySegue.swift in Sources */ = {isa = PBXBuildFile; fileRef = 04682E5B1F7A52A000D62670 /* EmptySegue.swift */; };
		04682E881F7B814200D62670 /* IGPersonalSettingPageViewController.swift in Sources */ = {isa = PBXBuildFile; fileRef = 04682E871F7B814200D62670 /* IGPersonalSettingPageViewController.swift */; };
		04682E8B1F7B847100D62670 /* AvatarCollectionViewCell.swift in Sources */ = {isa = PBXBuildFile; fileRef = 04682E891F7B847100D62670 /* AvatarCollectionViewCell.swift */; };
		04682E8C1F7B847100D62670 /* AvatarCollectionViewCell.xib in Resources */ = {isa = PBXBuildFile; fileRef = 04682E8A1F7B847100D62670 /* AvatarCollectionViewCell.xib */; };
		04682E8F1F7B8ACE00D62670 /* TabCollectionViewCell.swift in Sources */ = {isa = PBXBuildFile; fileRef = 04682E8D1F7B8ACE00D62670 /* TabCollectionViewCell.swift */; };
		04682E901F7B8ACE00D62670 /* TabCollectionViewCell.xib in Resources */ = {isa = PBXBuildFile; fileRef = 04682E8E1F7B8ACE00D62670 /* TabCollectionViewCell.xib */; };
		04682E931F7B8FAC00D62670 /* SmallPhotoCollectionViewCell.swift in Sources */ = {isa = PBXBuildFile; fileRef = 04682E911F7B8FAC00D62670 /* SmallPhotoCollectionViewCell.swift */; };
		04682E941F7B8FAC00D62670 /* SmallPhotoCollectionViewCell.xib in Resources */ = {isa = PBXBuildFile; fileRef = 04682E921F7B8FAC00D62670 /* SmallPhotoCollectionViewCell.xib */; };
		04682EA91F7BAF6B00D62670 /* ArrayExtension.swift in Sources */ = {isa = PBXBuildFile; fileRef = 04682E961F7BAF6B00D62670 /* ArrayExtension.swift */; };
		04682EAA1F7BAF6B00D62670 /* CollectionExtension.swift in Sources */ = {isa = PBXBuildFile; fileRef = 04682E971F7BAF6B00D62670 /* CollectionExtension.swift */; };
		04682EAB1F7BAF6B00D62670 /* DataExtension.swift in Sources */ = {isa = PBXBuildFile; fileRef = 04682E981F7BAF6B00D62670 /* DataExtension.swift */; };
		04682EAC1F7BAF6B00D62670 /* DateExtension.swift in Sources */ = {isa = PBXBuildFile; fileRef = 04682E991F7BAF6B00D62670 /* DateExtension.swift */; };
		04682EAD1F7BAF6B00D62670 /* DictionaryExtension.swift in Sources */ = {isa = PBXBuildFile; fileRef = 04682E9A1F7BAF6B00D62670 /* DictionaryExtension.swift */; };
		04682EAE1F7BAF6B00D62670 /* NSObejctExtension.swift in Sources */ = {isa = PBXBuildFile; fileRef = 04682E9B1F7BAF6B00D62670 /* NSObejctExtension.swift */; };
		04682EAF1F7BAF6B00D62670 /* NumberExtension.swift in Sources */ = {isa = PBXBuildFile; fileRef = 04682E9C1F7BAF6B00D62670 /* NumberExtension.swift */; };
		04682EB01F7BAF6B00D62670 /* Queue.swift in Sources */ = {isa = PBXBuildFile; fileRef = 04682E9D1F7BAF6B00D62670 /* Queue.swift */; };
		04682EB11F7BAF6B00D62670 /* SDWebImageExtension.swift in Sources */ = {isa = PBXBuildFile; fileRef = 04682E9E1F7BAF6B00D62670 /* SDWebImageExtension.swift */; };
		04682EB21F7BAF6B00D62670 /* SwiftyJSONExtension.swift in Sources */ = {isa = PBXBuildFile; fileRef = 04682E9F1F7BAF6B00D62670 /* SwiftyJSONExtension.swift */; };
		04682EB31F7BAF6B00D62670 /* UIAlertControllerExtension.swift in Sources */ = {isa = PBXBuildFile; fileRef = 04682EA01F7BAF6B00D62670 /* UIAlertControllerExtension.swift */; };
		04682EB41F7BAF6C00D62670 /* UIApplicationExtension.swift in Sources */ = {isa = PBXBuildFile; fileRef = 04682EA11F7BAF6B00D62670 /* UIApplicationExtension.swift */; };
		04682EB51F7BAF6C00D62670 /* UICollectionViewExtension.swift in Sources */ = {isa = PBXBuildFile; fileRef = 04682EA21F7BAF6B00D62670 /* UICollectionViewExtension.swift */; };
		04682EB61F7BAF6C00D62670 /* UIColorExtension.swift in Sources */ = {isa = PBXBuildFile; fileRef = 04682EA31F7BAF6B00D62670 /* UIColorExtension.swift */; };
		04682EB71F7BAF6C00D62670 /* UIImageExtension.swift in Sources */ = {isa = PBXBuildFile; fileRef = 04682EA41F7BAF6B00D62670 /* UIImageExtension.swift */; };
		04682EB81F7BAF6C00D62670 /* UILabelExtension.swift in Sources */ = {isa = PBXBuildFile; fileRef = 04682EA51F7BAF6B00D62670 /* UILabelExtension.swift */; };
		04682EB91F7BAF6C00D62670 /* UITableViewExtensios.swift in Sources */ = {isa = PBXBuildFile; fileRef = 04682EA61F7BAF6B00D62670 /* UITableViewExtensios.swift */; };
		04682EBA1F7BAF6C00D62670 /* UIViewControllerExtension.swift in Sources */ = {isa = PBXBuildFile; fileRef = 04682EA71F7BAF6B00D62670 /* UIViewControllerExtension.swift */; };
		04682EBB1F7BAF6C00D62670 /* UIViewExtension.swift in Sources */ = {isa = PBXBuildFile; fileRef = 04682EA81F7BAF6B00D62670 /* UIViewExtension.swift */; };
		04682EC01F7CF02700D62670 /* FullPhotoCollectionViewCell.swift in Sources */ = {isa = PBXBuildFile; fileRef = 04682EBE1F7CF02700D62670 /* FullPhotoCollectionViewCell.swift */; };
		04682EC11F7CF02700D62670 /* FullPhotoCollectionViewCell.xib in Resources */ = {isa = PBXBuildFile; fileRef = 04682EBF1F7CF02700D62670 /* FullPhotoCollectionViewCell.xib */; };
		04B4B9481F83455600023A7D /* LogIn.swift in Sources */ = {isa = PBXBuildFile; fileRef = 04B4B9471F83455600023A7D /* LogIn.swift */; };
		04E6F3231F7A0EA70066573B /* AppDelegate.swift in Sources */ = {isa = PBXBuildFile; fileRef = 04E6F3221F7A0EA70066573B /* AppDelegate.swift */; };
		04E6F3251F7A0EA70066573B /* RootViewController.swift in Sources */ = {isa = PBXBuildFile; fileRef = 04E6F3241F7A0EA70066573B /* RootViewController.swift */; };
		04E6F3271F7A0EA70066573B /* DataViewController.swift in Sources */ = {isa = PBXBuildFile; fileRef = 04E6F3261F7A0EA70066573B /* DataViewController.swift */; };
		04E6F3291F7A0EA70066573B /* ModelController.swift in Sources */ = {isa = PBXBuildFile; fileRef = 04E6F3281F7A0EA70066573B /* ModelController.swift */; };
		04E6F32C1F7A0EA70066573B /* Main.storyboard in Resources */ = {isa = PBXBuildFile; fileRef = 04E6F32A1F7A0EA70066573B /* Main.storyboard */; };
		04E6F32E1F7A0EA70066573B /* Assets.xcassets in Resources */ = {isa = PBXBuildFile; fileRef = 04E6F32D1F7A0EA70066573B /* Assets.xcassets */; };
		04E6F3311F7A0EA70066573B /* LaunchScreen.storyboard in Resources */ = {isa = PBXBuildFile; fileRef = 04E6F32F1F7A0EA70066573B /* LaunchScreen.storyboard */; };
		04E6F3391F7A3F9A0066573B /* MainViewController.swift in Sources */ = {isa = PBXBuildFile; fileRef = 04E6F3381F7A3F990066573B /* MainViewController.swift */; };
		04E6F33B1F7A3FCE0066573B /* Page1ViewController.swift in Sources */ = {isa = PBXBuildFile; fileRef = 04E6F33A1F7A3FCE0066573B /* Page1ViewController.swift */; };
		04E6F33D1F7A3FD80066573B /* Page2ViewController.swift in Sources */ = {isa = PBXBuildFile; fileRef = 04E6F33C1F7A3FD80066573B /* Page2ViewController.swift */; };
		04E9F2781F7E18E200F08304 /* ShopViewController.swift in Sources */ = {isa = PBXBuildFile; fileRef = 04E9F2771F7E18E200F08304 /* ShopViewController.swift */; };
		04E9F27B1F7E25AA00F08304 /* SellerTableViewCell.swift in Sources */ = {isa = PBXBuildFile; fileRef = 04E9F2791F7E25AA00F08304 /* SellerTableViewCell.swift */; };
		04E9F27C1F7E25AA00F08304 /* SellerTableViewCell.xib in Resources */ = {isa = PBXBuildFile; fileRef = 04E9F27A1F7E25AA00F08304 /* SellerTableViewCell.xib */; };
		04E9F27F1F7E27FD00F08304 /* ProductTableViewCell.swift in Sources */ = {isa = PBXBuildFile; fileRef = 04E9F27D1F7E27FD00F08304 /* ProductTableViewCell.swift */; };
		04E9F2801F7E27FD00F08304 /* ProductTableViewCell.xib in Resources */ = {isa = PBXBuildFile; fileRef = 04E9F27E1F7E27FD00F08304 /* ProductTableViewCell.xib */; };
		04E9F2831F7E287C00F08304 /* ShipmentTableViewCell.swift in Sources */ = {isa = PBXBuildFile; fileRef = 04E9F2811F7E287C00F08304 /* ShipmentTableViewCell.swift */; };
		04E9F2841F7E287C00F08304 /* ShipmentTableViewCell.xib in Resources */ = {isa = PBXBuildFile; fileRef = 04E9F2821F7E287C00F08304 /* ShipmentTableViewCell.xib */; };
/* End PBXBuildFile section */

/* Begin PBXFileReference section */
		04555C601F7F533000CD719E /* Shop.swift */ = {isa = PBXFileReference; lastKnownFileType = sourcecode.swift; path = Shop.swift; sourceTree = "<group>"; };
		04555C621F7F6A6400CD719E /* ShopViewModel.swift */ = {isa = PBXFileReference; lastKnownFileType = sourcecode.swift; path = ShopViewModel.swift; sourceTree = "<group>"; };
		04682E591F7A494500D62670 /* ContainerViewController.swift */ = {isa = PBXFileReference; lastKnownFileType = sourcecode.swift; path = ContainerViewController.swift; sourceTree = "<group>"; };
		04682E5B1F7A52A000D62670 /* EmptySegue.swift */ = {isa = PBXFileReference; lastKnownFileType = sourcecode.swift; path = EmptySegue.swift; sourceTree = "<group>"; };
		04682E871F7B814200D62670 /* IGPersonalSettingPageViewController.swift */ = {isa = PBXFileReference; lastKnownFileType = sourcecode.swift; path = IGPersonalSettingPageViewController.swift; sourceTree = "<group>"; };
		04682E891F7B847100D62670 /* AvatarCollectionViewCell.swift */ = {isa = PBXFileReference; lastKnownFileType = sourcecode.swift; path = AvatarCollectionViewCell.swift; sourceTree = "<group>"; };
		04682E8A1F7B847100D62670 /* AvatarCollectionViewCell.xib */ = {isa = PBXFileReference; lastKnownFileType = file.xib; path = AvatarCollectionViewCell.xib; sourceTree = "<group>"; };
		04682E8D1F7B8ACE00D62670 /* TabCollectionViewCell.swift */ = {isa = PBXFileReference; lastKnownFileType = sourcecode.swift; path = TabCollectionViewCell.swift; sourceTree = "<group>"; };
		04682E8E1F7B8ACE00D62670 /* TabCollectionViewCell.xib */ = {isa = PBXFileReference; lastKnownFileType = file.xib; path = TabCollectionViewCell.xib; sourceTree = "<group>"; };
		04682E911F7B8FAC00D62670 /* SmallPhotoCollectionViewCell.swift */ = {isa = PBXFileReference; lastKnownFileType = sourcecode.swift; path = SmallPhotoCollectionViewCell.swift; sourceTree = "<group>"; };
		04682E921F7B8FAC00D62670 /* SmallPhotoCollectionViewCell.xib */ = {isa = PBXFileReference; lastKnownFileType = file.xib; path = SmallPhotoCollectionViewCell.xib; sourceTree = "<group>"; };
		04682E961F7BAF6B00D62670 /* ArrayExtension.swift */ = {isa = PBXFileReference; fileEncoding = 4; lastKnownFileType = sourcecode.swift; path = ArrayExtension.swift; sourceTree = "<group>"; };
		04682E971F7BAF6B00D62670 /* CollectionExtension.swift */ = {isa = PBXFileReference; fileEncoding = 4; lastKnownFileType = sourcecode.swift; path = CollectionExtension.swift; sourceTree = "<group>"; };
		04682E981F7BAF6B00D62670 /* DataExtension.swift */ = {isa = PBXFileReference; fileEncoding = 4; lastKnownFileType = sourcecode.swift; path = DataExtension.swift; sourceTree = "<group>"; };
		04682E991F7BAF6B00D62670 /* DateExtension.swift */ = {isa = PBXFileReference; fileEncoding = 4; lastKnownFileType = sourcecode.swift; path = DateExtension.swift; sourceTree = "<group>"; };
		04682E9A1F7BAF6B00D62670 /* DictionaryExtension.swift */ = {isa = PBXFileReference; fileEncoding = 4; lastKnownFileType = sourcecode.swift; path = DictionaryExtension.swift; sourceTree = "<group>"; };
		04682E9B1F7BAF6B00D62670 /* NSObejctExtension.swift */ = {isa = PBXFileReference; fileEncoding = 4; lastKnownFileType = sourcecode.swift; path = NSObejctExtension.swift; sourceTree = "<group>"; };
		04682E9C1F7BAF6B00D62670 /* NumberExtension.swift */ = {isa = PBXFileReference; fileEncoding = 4; lastKnownFileType = sourcecode.swift; path = NumberExtension.swift; sourceTree = "<group>"; };
		04682E9D1F7BAF6B00D62670 /* Queue.swift */ = {isa = PBXFileReference; fileEncoding = 4; lastKnownFileType = sourcecode.swift; path = Queue.swift; sourceTree = "<group>"; };
		04682E9E1F7BAF6B00D62670 /* SDWebImageExtension.swift */ = {isa = PBXFileReference; fileEncoding = 4; lastKnownFileType = sourcecode.swift; path = SDWebImageExtension.swift; sourceTree = "<group>"; };
		04682E9F1F7BAF6B00D62670 /* SwiftyJSONExtension.swift */ = {isa = PBXFileReference; fileEncoding = 4; lastKnownFileType = sourcecode.swift; path = SwiftyJSONExtension.swift; sourceTree = "<group>"; };
		04682EA01F7BAF6B00D62670 /* UIAlertControllerExtension.swift */ = {isa = PBXFileReference; fileEncoding = 4; lastKnownFileType = sourcecode.swift; path = UIAlertControllerExtension.swift; sourceTree = "<group>"; };
		04682EA11F7BAF6B00D62670 /* UIApplicationExtension.swift */ = {isa = PBXFileReference; fileEncoding = 4; lastKnownFileType = sourcecode.swift; path = UIApplicationExtension.swift; sourceTree = "<group>"; };
		04682EA21F7BAF6B00D62670 /* UICollectionViewExtension.swift */ = {isa = PBXFileReference; fileEncoding = 4; lastKnownFileType = sourcecode.swift; path = UICollectionViewExtension.swift; sourceTree = "<group>"; };
		04682EA31F7BAF6B00D62670 /* UIColorExtension.swift */ = {isa = PBXFileReference; fileEncoding = 4; lastKnownFileType = sourcecode.swift; path = UIColorExtension.swift; sourceTree = "<group>"; };
		04682EA41F7BAF6B00D62670 /* UIImageExtension.swift */ = {isa = PBXFileReference; fileEncoding = 4; lastKnownFileType = sourcecode.swift; path = UIImageExtension.swift; sourceTree = "<group>"; };
		04682EA51F7BAF6B00D62670 /* UILabelExtension.swift */ = {isa = PBXFileReference; fileEncoding = 4; lastKnownFileType = sourcecode.swift; path = UILabelExtension.swift; sourceTree = "<group>"; };
		04682EA61F7BAF6B00D62670 /* UITableViewExtensios.swift */ = {isa = PBXFileReference; fileEncoding = 4; lastKnownFileType = sourcecode.swift; path = UITableViewExtensios.swift; sourceTree = "<group>"; };
		04682EA71F7BAF6B00D62670 /* UIViewControllerExtension.swift */ = {isa = PBXFileReference; fileEncoding = 4; lastKnownFileType = sourcecode.swift; path = UIViewControllerExtension.swift; sourceTree = "<group>"; };
		04682EA81F7BAF6B00D62670 /* UIViewExtension.swift */ = {isa = PBXFileReference; fileEncoding = 4; lastKnownFileType = sourcecode.swift; path = UIViewExtension.swift; sourceTree = "<group>"; };
		04682EBE1F7CF02700D62670 /* FullPhotoCollectionViewCell.swift */ = {isa = PBXFileReference; lastKnownFileType = sourcecode.swift; path = FullPhotoCollectionViewCell.swift; sourceTree = "<group>"; };
		04682EBF1F7CF02700D62670 /* FullPhotoCollectionViewCell.xib */ = {isa = PBXFileReference; lastKnownFileType = file.xib; path = FullPhotoCollectionViewCell.xib; sourceTree = "<group>"; };
		04B4B9471F83455600023A7D /* LogIn.swift */ = {isa = PBXFileReference; lastKnownFileType = sourcecode.swift; path = LogIn.swift; sourceTree = "<group>"; };
		04E6F31F1F7A0EA70066573B /* SettingPage.app */ = {isa = PBXFileReference; explicitFileType = wrapper.application; includeInIndex = 0; path = SettingPage.app; sourceTree = BUILT_PRODUCTS_DIR; };
		04E6F3221F7A0EA70066573B /* AppDelegate.swift */ = {isa = PBXFileReference; lastKnownFileType = sourcecode.swift; path = AppDelegate.swift; sourceTree = "<group>"; };
		04E6F3241F7A0EA70066573B /* RootViewController.swift */ = {isa = PBXFileReference; lastKnownFileType = sourcecode.swift; path = RootViewController.swift; sourceTree = "<group>"; };
		04E6F3261F7A0EA70066573B /* DataViewController.swift */ = {isa = PBXFileReference; lastKnownFileType = sourcecode.swift; path = DataViewController.swift; sourceTree = "<group>"; };
		04E6F3281F7A0EA70066573B /* ModelController.swift */ = {isa = PBXFileReference; lastKnownFileType = sourcecode.swift; path = ModelController.swift; sourceTree = "<group>"; };
		04E6F32B1F7A0EA70066573B /* Base */ = {isa = PBXFileReference; lastKnownFileType = file.storyboard; name = Base; path = Base.lproj/Main.storyboard; sourceTree = "<group>"; };
		04E6F32D1F7A0EA70066573B /* Assets.xcassets */ = {isa = PBXFileReference; lastKnownFileType = folder.assetcatalog; path = Assets.xcassets; sourceTree = "<group>"; };
		04E6F3301F7A0EA70066573B /* Base */ = {isa = PBXFileReference; lastKnownFileType = file.storyboard; name = Base; path = Base.lproj/LaunchScreen.storyboard; sourceTree = "<group>"; };
		04E6F3321F7A0EA70066573B /* Info.plist */ = {isa = PBXFileReference; lastKnownFileType = text.plist.xml; path = Info.plist; sourceTree = "<group>"; };
		04E6F3381F7A3F990066573B /* MainViewController.swift */ = {isa = PBXFileReference; lastKnownFileType = sourcecode.swift; path = MainViewController.swift; sourceTree = "<group>"; };
		04E6F33A1F7A3FCE0066573B /* Page1ViewController.swift */ = {isa = PBXFileReference; lastKnownFileType = sourcecode.swift; path = Page1ViewController.swift; sourceTree = "<group>"; };
		04E6F33C1F7A3FD80066573B /* Page2ViewController.swift */ = {isa = PBXFileReference; lastKnownFileType = sourcecode.swift; path = Page2ViewController.swift; sourceTree = "<group>"; };
		04E9F2771F7E18E200F08304 /* ShopViewController.swift */ = {isa = PBXFileReference; lastKnownFileType = sourcecode.swift; path = ShopViewController.swift; sourceTree = "<group>"; };
		04E9F2791F7E25AA00F08304 /* SellerTableViewCell.swift */ = {isa = PBXFileReference; lastKnownFileType = sourcecode.swift; path = SellerTableViewCell.swift; sourceTree = "<group>"; };
		04E9F27A1F7E25AA00F08304 /* SellerTableViewCell.xib */ = {isa = PBXFileReference; lastKnownFileType = file.xib; path = SellerTableViewCell.xib; sourceTree = "<group>"; };
		04E9F27D1F7E27FD00F08304 /* ProductTableViewCell.swift */ = {isa = PBXFileReference; lastKnownFileType = sourcecode.swift; path = ProductTableViewCell.swift; sourceTree = "<group>"; };
		04E9F27E1F7E27FD00F08304 /* ProductTableViewCell.xib */ = {isa = PBXFileReference; lastKnownFileType = file.xib; path = ProductTableViewCell.xib; sourceTree = "<group>"; };
		04E9F2811F7E287C00F08304 /* ShipmentTableViewCell.swift */ = {isa = PBXFileReference; lastKnownFileType = sourcecode.swift; path = ShipmentTableViewCell.swift; sourceTree = "<group>"; };
		04E9F2821F7E287C00F08304 /* ShipmentTableViewCell.xib */ = {isa = PBXFileReference; lastKnownFileType = file.xib; path = ShipmentTableViewCell.xib; sourceTree = "<group>"; };
/* End PBXFileReference section */

/* Begin PBXFrameworksBuildPhase section */
		04E6F31C1F7A0EA70066573B /* Frameworks */ = {
			isa = PBXFrameworksBuildPhase;
			buildActionMask = 2147483647;
			files = (
			);
			runOnlyForDeploymentPostprocessing = 0;
		};
/* End PBXFrameworksBuildPhase section */

/* Begin PBXGroup section */
		04682E5D1F7A559300D62670 /* FirstTry */ = {
			isa = PBXGroup;
			children = (
				04E6F3381F7A3F990066573B /* MainViewController.swift */,
				04682E5B1F7A52A000D62670 /* EmptySegue.swift */,
				04682E591F7A494500D62670 /* ContainerViewController.swift */,
				04E6F33A1F7A3FCE0066573B /* Page1ViewController.swift */,
				04E6F33C1F7A3FD80066573B /* Page2ViewController.swift */,
			);
			path = FirstTry;
			sourceTree = "<group>";
		};
		04682E5E1F7A55A800D62670 /* Origin */ = {
			isa = PBXGroup;
			children = (
				04E6F3241F7A0EA70066573B /* RootViewController.swift */,
				04E6F3261F7A0EA70066573B /* DataViewController.swift */,
				04E6F3281F7A0EA70066573B /* ModelController.swift */,
			);
			path = Origin;
			sourceTree = "<group>";
		};
		04682E951F7BAF6B00D62670 /* extensions */ = {
			isa = PBXGroup;
			children = (
				04682E961F7BAF6B00D62670 /* ArrayExtension.swift */,
				04682E971F7BAF6B00D62670 /* CollectionExtension.swift */,
				04682E981F7BAF6B00D62670 /* DataExtension.swift */,
				04682E991F7BAF6B00D62670 /* DateExtension.swift */,
				04682E9A1F7BAF6B00D62670 /* DictionaryExtension.swift */,
				04682E9B1F7BAF6B00D62670 /* NSObejctExtension.swift */,
				04682E9C1F7BAF6B00D62670 /* NumberExtension.swift */,
				04682E9D1F7BAF6B00D62670 /* Queue.swift */,
				04682E9E1F7BAF6B00D62670 /* SDWebImageExtension.swift */,
				04682E9F1F7BAF6B00D62670 /* SwiftyJSONExtension.swift */,
				04682EA01F7BAF6B00D62670 /* UIAlertControllerExtension.swift */,
				04682EA11F7BAF6B00D62670 /* UIApplicationExtension.swift */,
				04682EA21F7BAF6B00D62670 /* UICollectionViewExtension.swift */,
				04682EA31F7BAF6B00D62670 /* UIColorExtension.swift */,
				04682EA41F7BAF6B00D62670 /* UIImageExtension.swift */,
				04682EA51F7BAF6B00D62670 /* UILabelExtension.swift */,
				04682EA61F7BAF6B00D62670 /* UITableViewExtensios.swift */,
				04682EA71F7BAF6B00D62670 /* UIViewControllerExtension.swift */,
				04682EA81F7BAF6B00D62670 /* UIViewExtension.swift */,
			);
			name = extensions;
			path = ../../../Downloads/IGPersonalSettingPage/IGPersonalSettingPage/extensions;
			sourceTree = "<group>";
		};
		04682EBD1F7CEFB200D62670 /* IGSetting */ = {
			isa = PBXGroup;
			children = (
				04682E871F7B814200D62670 /* IGPersonalSettingPageViewController.swift */,
				04682EBE1F7CF02700D62670 /* FullPhotoCollectionViewCell.swift */,
				04682EBF1F7CF02700D62670 /* FullPhotoCollectionViewCell.xib */,
				04682E911F7B8FAC00D62670 /* SmallPhotoCollectionViewCell.swift */,
				04682E921F7B8FAC00D62670 /* SmallPhotoCollectionViewCell.xib */,
				04682E8D1F7B8ACE00D62670 /* TabCollectionViewCell.swift */,
				04682E8E1F7B8ACE00D62670 /* TabCollectionViewCell.xib */,
				04682E891F7B847100D62670 /* AvatarCollectionViewCell.swift */,
				04682E8A1F7B847100D62670 /* AvatarCollectionViewCell.xib */,
			);
			path = IGSetting;
			sourceTree = "<group>";
		};
		04B4B9461F83426E00023A7D /* LogIn */ = {
			isa = PBXGroup;
			children = (
				04B4B9471F83455600023A7D /* LogIn.swift */,
			);
			path = LogIn;
			sourceTree = "<group>";
		};
		04E6F3161F7A0EA70066573B = {
			isa = PBXGroup;
			children = (
				04E6F3211F7A0EA70066573B /* SettingPage */,
				04E6F3201F7A0EA70066573B /* Products */,
			);
			sourceTree = "<group>";
		};
		04E6F3201F7A0EA70066573B /* Products */ = {
			isa = PBXGroup;
			children = (
				04E6F31F1F7A0EA70066573B /* SettingPage.app */,
			);
			name = Products;
			sourceTree = "<group>";
		};
		04E6F3211F7A0EA70066573B /* SettingPage */ = {
			isa = PBXGroup;
			children = (
				04B4B9461F83426E00023A7D /* LogIn */,
				04E9F2761F7E169C00F08304 /* Shop */,
				04682E951F7BAF6B00D62670 /* extensions */,
				04682EBD1F7CEFB200D62670 /* IGSetting */,
				04682E5D1F7A559300D62670 /* FirstTry */,
				04682E5E1F7A55A800D62670 /* Origin */,
				04E6F3221F7A0EA70066573B /* AppDelegate.swift */,
				04E6F32A1F7A0EA70066573B /* Main.storyboard */,
				04E6F32D1F7A0EA70066573B /* Assets.xcassets */,
				04E6F32F1F7A0EA70066573B /* LaunchScreen.storyboard */,
				04E6F3321F7A0EA70066573B /* Info.plist */,
			);
			path = SettingPage;
			sourceTree = "<group>";
		};
		04E9F2761F7E169C00F08304 /* Shop */ = {
			isa = PBXGroup;
			children = (
				04E9F2771F7E18E200F08304 /* ShopViewController.swift */,
				04555C601F7F533000CD719E /* Shop.swift */,
				04555C621F7F6A6400CD719E /* ShopViewModel.swift */,
				04E9F2791F7E25AA00F08304 /* SellerTableViewCell.swift */,
				04E9F27A1F7E25AA00F08304 /* SellerTableViewCell.xib */,
				04E9F27D1F7E27FD00F08304 /* ProductTableViewCell.swift */,
				04E9F27E1F7E27FD00F08304 /* ProductTableViewCell.xib */,
				04E9F2811F7E287C00F08304 /* ShipmentTableViewCell.swift */,
				04E9F2821F7E287C00F08304 /* ShipmentTableViewCell.xib */,
			);
			path = Shop;
			sourceTree = "<group>";
		};
/* End PBXGroup section */

/* Begin PBXNativeTarget section */
		04E6F31E1F7A0EA70066573B /* SettingPage */ = {
			isa = PBXNativeTarget;
			buildConfigurationList = 04E6F3351F7A0EA70066573B /* Build configuration list for PBXNativeTarget "SettingPage" */;
			buildPhases = (
				04E6F31B1F7A0EA70066573B /* Sources */,
				04E6F31C1F7A0EA70066573B /* Frameworks */,
				04E6F31D1F7A0EA70066573B /* Resources */,
			);
			buildRules = (
			);
			dependencies = (
			);
			name = SettingPage;
			productName = SettingPage;
			productReference = 04E6F31F1F7A0EA70066573B /* SettingPage.app */;
			productType = "com.apple.product-type.application";
		};
/* End PBXNativeTarget section */

/* Begin PBXProject section */
		04E6F3171F7A0EA70066573B /* Project object */ = {
			isa = PBXProject;
			attributes = {
				LastSwiftUpdateCheck = 0900;
				LastUpgradeCheck = 0900;
				ORGANIZATIONNAME = Mac;
				TargetAttributes = {
					04E6F31E1F7A0EA70066573B = {
						CreatedOnToolsVersion = 9.0;
						ProvisioningStyle = Automatic;
					};
				};
			};
			buildConfigurationList = 04E6F31A1F7A0EA70066573B /* Build configuration list for PBXProject "SettingPage" */;
			compatibilityVersion = "Xcode 8.0";
			developmentRegion = en;
			hasScannedForEncodings = 0;
			knownRegions = (
				en,
				Base,
			);
			mainGroup = 04E6F3161F7A0EA70066573B;
			productRefGroup = 04E6F3201F7A0EA70066573B /* Products */;
			projectDirPath = "";
			projectRoot = "";
			targets = (
				04E6F31E1F7A0EA70066573B /* SettingPage */,
			);
		};
/* End PBXProject section */

/* Begin PBXResourcesBuildPhase section */
		04E6F31D1F7A0EA70066573B /* Resources */ = {
			isa = PBXResourcesBuildPhase;
			buildActionMask = 2147483647;
			files = (
				04682E941F7B8FAC00D62670 /* SmallPhotoCollectionViewCell.xib in Resources */,
				04682E901F7B8ACE00D62670 /* TabCollectionViewCell.xib in Resources */,
				04682EC11F7CF02700D62670 /* FullPhotoCollectionViewCell.xib in Resources */,
				04E9F27C1F7E25AA00F08304 /* SellerTableViewCell.xib in Resources */,
				04E6F3311F7A0EA70066573B /* LaunchScreen.storyboard in Resources */,
				04E6F32E1F7A0EA70066573B /* Assets.xcassets in Resources */,
				04E6F32C1F7A0EA70066573B /* Main.storyboard in Resources */,
				04E9F2841F7E287C00F08304 /* ShipmentTableViewCell.xib in Resources */,
				04E9F2801F7E27FD00F08304 /* ProductTableViewCell.xib in Resources */,
				04682E8C1F7B847100D62670 /* AvatarCollectionViewCell.xib in Resources */,
			);
			runOnlyForDeploymentPostprocessing = 0;
		};
/* End PBXResourcesBuildPhase section */

/* Begin PBXSourcesBuildPhase section */
		04E6F31B1F7A0EA70066573B /* Sources */ = {
			isa = PBXSourcesBuildPhase;
			buildActionMask = 2147483647;
			files = (
				04682EB91F7BAF6C00D62670 /* UITableViewExtensios.swift in Sources */,
				04E6F3251F7A0EA70066573B /* RootViewController.swift in Sources */,
				04682EB01F7BAF6B00D62670 /* Queue.swift in Sources */,
				04682EAC1F7BAF6B00D62670 /* DateExtension.swift in Sources */,
				04E9F2781F7E18E200F08304 /* ShopViewController.swift in Sources */,
				04E9F27B1F7E25AA00F08304 /* SellerTableViewCell.swift in Sources */,
				04E6F3291F7A0EA70066573B /* ModelController.swift in Sources */,
				04682E881F7B814200D62670 /* IGPersonalSettingPageViewController.swift in Sources */,
				04682EBB1F7BAF6C00D62670 /* UIViewExtension.swift in Sources */,
				04682E5A1F7A494500D62670 /* ContainerViewController.swift in Sources */,
				04E6F3271F7A0EA70066573B /* DataViewController.swift in Sources */,
				04682EAB1F7BAF6B00D62670 /* DataExtension.swift in Sources */,
				04682EAA1F7BAF6B00D62670 /* CollectionExtension.swift in Sources */,
				04555C611F7F533100CD719E /* Shop.swift in Sources */,
				04682E8B1F7B847100D62670 /* AvatarCollectionViewCell.swift in Sources */,
				04B4B9481F83455600023A7D /* LogIn.swift in Sources */,
				04682EAD1F7BAF6B00D62670 /* DictionaryExtension.swift in Sources */,
				04E6F33B1F7A3FCE0066573B /* Page1ViewController.swift in Sources */,
				04682EB41F7BAF6C00D62670 /* UIApplicationExtension.swift in Sources */,
				04682EAE1F7BAF6B00D62670 /* NSObejctExtension.swift in Sources */,
				04682EB61F7BAF6C00D62670 /* UIColorExtension.swift in Sources */,
				04555C631F7F6A6400CD719E /* ShopViewModel.swift in Sources */,
				04E6F3231F7A0EA70066573B /* AppDelegate.swift in Sources */,
				04682EB81F7BAF6C00D62670 /* UILabelExtension.swift in Sources */,
				04682EBA1F7BAF6C00D62670 /* UIViewControllerExtension.swift in Sources */,
				04682EC01F7CF02700D62670 /* FullPhotoCollectionViewCell.swift in Sources */,
				04682E8F1F7B8ACE00D62670 /* TabCollectionViewCell.swift in Sources */,
				04682EB51F7BAF6C00D62670 /* UICollectionViewExtension.swift in Sources */,
				04682EAF1F7BAF6B00D62670 /* NumberExtension.swift in Sources */,
				04682E931F7B8FAC00D62670 /* SmallPhotoCollectionViewCell.swift in Sources */,
				04E6F3391F7A3F9A0066573B /* MainViewController.swift in Sources */,
				04682EA91F7BAF6B00D62670 /* ArrayExtension.swift in Sources */,
				04E9F27F1F7E27FD00F08304 /* ProductTableViewCell.swift in Sources */,
				04682EB11F7BAF6B00D62670 /* SDWebImageExtension.swift in Sources */,
				04682EB71F7BAF6C00D62670 /* UIImageExtension.swift in Sources */,
				04682EB31F7BAF6B00D62670 /* UIAlertControllerExtension.swift in Sources */,
				04E6F33D1F7A3FD80066573B /* Page2ViewController.swift in Sources */,
				04682E5C1F7A52A000D62670 /* EmptySegue.swift in Sources */,
				04E9F2831F7E287C00F08304 /* ShipmentTableViewCell.swift in Sources */,
				04682EB21F7BAF6B00D62670 /* SwiftyJSONExtension.swift in Sources */,
			);
			runOnlyForDeploymentPostprocessing = 0;
		};
/* End PBXSourcesBuildPhase section */

/* Begin PBXVariantGroup section */
		04E6F32A1F7A0EA70066573B /* Main.storyboard */ = {
			isa = PBXVariantGroup;
			children = (
				04E6F32B1F7A0EA70066573B /* Base */,
			);
			name = Main.storyboard;
			sourceTree = "<group>";
		};
		04E6F32F1F7A0EA70066573B /* LaunchScreen.storyboard */ = {
			isa = PBXVariantGroup;
			children = (
				04E6F3301F7A0EA70066573B /* Base */,
			);
			name = LaunchScreen.storyboard;
			sourceTree = "<group>";
		};
/* End PBXVariantGroup section */

/* Begin XCBuildConfiguration section */
		04E6F3331F7A0EA70066573B /* Debug */ = {
			isa = XCBuildConfiguration;
			buildSettings = {
				ALWAYS_SEARCH_USER_PATHS = NO;
				CLANG_ANALYZER_NONNULL = YES;
				CLANG_ANALYZER_NUMBER_OBJECT_CONVERSION = YES_AGGRESSIVE;
				CLANG_CXX_LANGUAGE_STANDARD = "gnu++14";
				CLANG_CXX_LIBRARY = "libc++";
				CLANG_ENABLE_MODULES = YES;
				CLANG_ENABLE_OBJC_ARC = YES;
				CLANG_WARN_BLOCK_CAPTURE_AUTORELEASING = YES;
				CLANG_WARN_BOOL_CONVERSION = YES;
				CLANG_WARN_COMMA = YES;
				CLANG_WARN_CONSTANT_CONVERSION = YES;
				CLANG_WARN_DIRECT_OBJC_ISA_USAGE = YES_ERROR;
				CLANG_WARN_DOCUMENTATION_COMMENTS = YES;
				CLANG_WARN_EMPTY_BODY = YES;
				CLANG_WARN_ENUM_CONVERSION = YES;
				CLANG_WARN_INFINITE_RECURSION = YES;
				CLANG_WARN_INT_CONVERSION = YES;
				CLANG_WARN_NON_LITERAL_NULL_CONVERSION = YES;
				CLANG_WARN_OBJC_LITERAL_CONVERSION = YES;
				CLANG_WARN_OBJC_ROOT_CLASS = YES_ERROR;
				CLANG_WARN_RANGE_LOOP_ANALYSIS = YES;
				CLANG_WARN_STRICT_PROTOTYPES = YES;
				CLANG_WARN_SUSPICIOUS_MOVE = YES;
				CLANG_WARN_UNGUARDED_AVAILABILITY = YES_AGGRESSIVE;
				CLANG_WARN_UNREACHABLE_CODE = YES;
				CLANG_WARN__DUPLICATE_METHOD_MATCH = YES;
				CODE_SIGN_IDENTITY = "iPhone Developer";
				COPY_PHASE_STRIP = NO;
				DEBUG_INFORMATION_FORMAT = dwarf;
				ENABLE_STRICT_OBJC_MSGSEND = YES;
				ENABLE_TESTABILITY = YES;
				GCC_C_LANGUAGE_STANDARD = gnu11;
				GCC_DYNAMIC_NO_PIC = NO;
				GCC_NO_COMMON_BLOCKS = YES;
				GCC_OPTIMIZATION_LEVEL = 0;
				GCC_PREPROCESSOR_DEFINITIONS = (
					"DEBUG=1",
					"$(inherited)",
				);
				GCC_WARN_64_TO_32_BIT_CONVERSION = YES;
				GCC_WARN_ABOUT_RETURN_TYPE = YES_ERROR;
				GCC_WARN_UNDECLARED_SELECTOR = YES;
				GCC_WARN_UNINITIALIZED_AUTOS = YES_AGGRESSIVE;
				GCC_WARN_UNUSED_FUNCTION = YES;
				GCC_WARN_UNUSED_VARIABLE = YES;
				IPHONEOS_DEPLOYMENT_TARGET = 11.0;
				MTL_ENABLE_DEBUG_INFO = YES;
				ONLY_ACTIVE_ARCH = YES;
				SDKROOT = iphoneos;
				SWIFT_ACTIVE_COMPILATION_CONDITIONS = DEBUG;
				SWIFT_OPTIMIZATION_LEVEL = "-Onone";
			};
			name = Debug;
		};
		04E6F3341F7A0EA70066573B /* Release */ = {
			isa = XCBuildConfiguration;
			buildSettings = {
				ALWAYS_SEARCH_USER_PATHS = NO;
				CLANG_ANALYZER_NONNULL = YES;
				CLANG_ANALYZER_NUMBER_OBJECT_CONVERSION = YES_AGGRESSIVE;
				CLANG_CXX_LANGUAGE_STANDARD = "gnu++14";
				CLANG_CXX_LIBRARY = "libc++";
				CLANG_ENABLE_MODULES = YES;
				CLANG_ENABLE_OBJC_ARC = YES;
				CLANG_WARN_BLOCK_CAPTURE_AUTORELEASING = YES;
				CLANG_WARN_BOOL_CONVERSION = YES;
				CLANG_WARN_COMMA = YES;
				CLANG_WARN_CONSTANT_CONVERSION = YES;
				CLANG_WARN_DIRECT_OBJC_ISA_USAGE = YES_ERROR;
				CLANG_WARN_DOCUMENTATION_COMMENTS = YES;
				CLANG_WARN_EMPTY_BODY = YES;
				CLANG_WARN_ENUM_CONVERSION = YES;
				CLANG_WARN_INFINITE_RECURSION = YES;
				CLANG_WARN_INT_CONVERSION = YES;
				CLANG_WARN_NON_LITERAL_NULL_CONVERSION = YES;
				CLANG_WARN_OBJC_LITERAL_CONVERSION = YES;
				CLANG_WARN_OBJC_ROOT_CLASS = YES_ERROR;
				CLANG_WARN_RANGE_LOOP_ANALYSIS = YES;
				CLANG_WARN_STRICT_PROTOTYPES = YES;
				CLANG_WARN_SUSPICIOUS_MOVE = YES;
				CLANG_WARN_UNGUARDED_AVAILABILITY = YES_AGGRESSIVE;
				CLANG_WARN_UNREACHABLE_CODE = YES;
				CLANG_WARN__DUPLICATE_METHOD_MATCH = YES;
				CODE_SIGN_IDENTITY = "iPhone Developer";
				COPY_PHASE_STRIP = NO;
				DEBUG_INFORMATION_FORMAT = "dwarf-with-dsym";
				ENABLE_NS_ASSERTIONS = NO;
				ENABLE_STRICT_OBJC_MSGSEND = YES;
				GCC_C_LANGUAGE_STANDARD = gnu11;
				GCC_NO_COMMON_BLOCKS = YES;
				GCC_WARN_64_TO_32_BIT_CONVERSION = YES;
				GCC_WARN_ABOUT_RETURN_TYPE = YES_ERROR;
				GCC_WARN_UNDECLARED_SELECTOR = YES;
				GCC_WARN_UNINITIALIZED_AUTOS = YES_AGGRESSIVE;
				GCC_WARN_UNUSED_FUNCTION = YES;
				GCC_WARN_UNUSED_VARIABLE = YES;
				IPHONEOS_DEPLOYMENT_TARGET = 11.0;
				MTL_ENABLE_DEBUG_INFO = NO;
				SDKROOT = iphoneos;
				SWIFT_OPTIMIZATION_LEVEL = "-Owholemodule";
				VALIDATE_PRODUCT = YES;
			};
			name = Release;
		};
		04E6F3361F7A0EA70066573B /* Debug */ = {
			isa = XCBuildConfiguration;
			buildSettings = {
				ASSETCATALOG_COMPILER_APPICON_NAME = AppIcon;
				CODE_SIGN_STYLE = Automatic;
				DEVELOPMENT_TEAM = VJGEDW5SA9;
				INFOPLIST_FILE = SettingPage/Info.plist;
				LD_RUNPATH_SEARCH_PATHS = "$(inherited) @executable_path/Frameworks";
				PRODUCT_BUNDLE_IDENTIFIER = com.sunnylee945.SettingPage;
				PRODUCT_NAME = "$(TARGET_NAME)";
				SWIFT_VERSION = 4.0;
				TARGETED_DEVICE_FAMILY = "1,2";
			};
			name = Debug;
		};
		04E6F3371F7A0EA70066573B /* Release */ = {
			isa = XCBuildConfiguration;
			buildSettings = {
				ASSETCATALOG_COMPILER_APPICON_NAME = AppIcon;
				CODE_SIGN_STYLE = Automatic;
				DEVELOPMENT_TEAM = VJGEDW5SA9;
				INFOPLIST_FILE = SettingPage/Info.plist;
				LD_RUNPATH_SEARCH_PATHS = "$(inherited) @executable_path/Frameworks";
				PRODUCT_BUNDLE_IDENTIFIER = com.sunnylee945.SettingPage;
				PRODUCT_NAME = "$(TARGET_NAME)";
				SWIFT_VERSION = 4.0;
				TARGETED_DEVICE_FAMILY = "1,2";
			};
			name = Release;
		};
/* End XCBuildConfiguration section */

/* Begin XCConfigurationList section */
		04E6F31A1F7A0EA70066573B /* Build configuration list for PBXProject "SettingPage" */ = {
			isa = XCConfigurationList;
			buildConfigurations = (
				04E6F3331F7A0EA70066573B /* Debug */,
				04E6F3341F7A0EA70066573B /* Release */,
			);
			defaultConfigurationIsVisible = 0;
			defaultConfigurationName = Release;
		};
		04E6F3351F7A0EA70066573B /* Build configuration list for PBXNativeTarget "SettingPage" */ = {
			isa = XCConfigurationList;
			buildConfigurations = (
				04E6F3361F7A0EA70066573B /* Debug */,
				04E6F3371F7A0EA70066573B /* Release */,
			);
			defaultConfigurationIsVisible = 0;
			defaultConfigurationName = Release;
		};
/* End XCConfigurationList section */
	};
	rootObject = 04E6F3171F7A0EA70066573B /* Project object */;
}
